
Microsoft Visual Studio Solution File, Format Version 12.00
# Visual Studio 2013
VisualStudioVersion = 12.0.21005.1
MinimumVisualStudioVersion = 10.0.40219.1
Project("{FAE04EC0-301F-11D3-BF4B-00C04F79EFBC}") = "MoneyManagerApplication", "MoneyManagerApplication\MoneyManagerApplication.csproj", "{9C7E4E83-621B-487A-99B9-B42C3FF28E68}"
EndProject
Project("{FAE04EC0-301F-11D3-BF4B-00C04F79EFBC}") = "MoneyManager.Interfaces", "MoneyManager.Interfaces\MoneyManager.Interfaces.csproj", "{85BF5734-64B3-4964-871E-426F7467DD66}"
EndProject
Project("{FAE04EC0-301F-11D3-BF4B-00C04F79EFBC}") = "MoneyManager.Model", "MoneyManager.Model\MoneyManager.Model.csproj", "{CAA2B613-D18D-43D8-99F0-E7AF5D2FE4AB}"
EndProject
Project("{FAE04EC0-301F-11D3-BF4B-00C04F79EFBC}") = "MoneyManager.Model.Tests", "MoneyManager.Model.Tests\MoneyManager.Model.Tests.csproj", "{E3585A50-EB4D-48D6-A752-DB4A3C77447A}"
EndProject
Project("{2150E333-8FDC-42A3-9474-1A3956D46DE8}") = "TestProjects", "TestProjects", "{AB15E429-3A09-45FF-BE7E-280F283F5425}"
EndProject
Project("{FAE04EC0-301F-11D3-BF4B-00C04F79EFBC}") = "MoneyManager.ViewModels", "MoneyManager.ViewModels\MoneyManager.ViewModels.csproj", "{1E41FFBF-3A92-4275-AB5C-CE02002392AD}"
EndProject
Project("{FAE04EC0-301F-11D3-BF4B-00C04F79EFBC}") = "MoneyManager.ViewModels.Tests", "MoneyManager.ViewModels.Tests\MoneyManager.ViewModels.Tests.csproj", "{81635061-15BE-4E96-ACB0-5B44B10DD699}"
EndProject
Project("{930C7802-8A8C-48F9-8165-68863BCCD9DD}") = "MoneyManager.Installer", "MoneyManager.Installer\MoneyManager.Installer.wixproj", "{E9F0EF13-BF48-4E0B-8F93-81CE5B34A240}"
EndProject
Global
	GlobalSection(SolutionConfigurationPlatforms) = preSolution
		Debug|Any CPU = Debug|Any CPU
		Debug|Mixed Platforms = Debug|Mixed Platforms
		Debug|x86 = Debug|x86
		Release|Any CPU = Release|Any CPU
		Release|Mixed Platforms = Release|Mixed Platforms
		Release|x86 = Release|x86
	EndGlobalSection
	GlobalSection(ProjectConfigurationPlatforms) = postSolution
		{9C7E4E83-621B-487A-99B9-B42C3FF28E68}.Debug|Any CPU.ActiveCfg = Debug|Any CPU
		{9C7E4E83-621B-487A-99B9-B42C3FF28E68}.Debug|Any CPU.Build.0 = Debug|Any CPU
		{9C7E4E83-621B-487A-99B9-B42C3FF28E68}.Debug|Mixed Platforms.ActiveCfg = Debug|Any CPU
		{9C7E4E83-621B-487A-99B9-B42C3FF28E68}.Debug|Mixed Platforms.Build.0 = Debug|Any CPU
		{9C7E4E83-621B-487A-99B9-B42C3FF28E68}.Debug|x86.ActiveCfg = Debug|Any CPU
		{9C7E4E83-621B-487A-99B9-B42C3FF28E68}.Release|Any CPU.ActiveCfg = Release|Any CPU
		{9C7E4E83-621B-487A-99B9-B42C3FF28E68}.Release|Any CPU.Build.0 = Release|Any CPU
		{9C7E4E83-621B-487A-99B9-B42C3FF28E68}.Release|Mixed Platforms.ActiveCfg = Release|Any CPU
		{9C7E4E83-621B-487A-99B9-B42C3FF28E68}.Release|Mixed Platforms.Build.0 = Release|Any CPU
		{9C7E4E83-621B-487A-99B9-B42C3FF28E68}.Release|x86.ActiveCfg = Release|Any CPU
		{85BF5734-64B3-4964-871E-426F7467DD66}.Debug|Any CPU.ActiveCfg = Debug|Any CPU
		{85BF5734-64B3-4964-871E-426F7467DD66}.Debug|Any CPU.Build.0 = Debug|Any CPU
		{85BF5734-64B3-4964-871E-426F7467DD66}.Debug|Mixed Platforms.ActiveCfg = Debug|Any CPU
		{85BF5734-64B3-4964-871E-426F7467DD66}.Debug|Mixed Platforms.Build.0 = Debug|Any CPU
		{85BF5734-64B3-4964-871E-426F7467DD66}.Debug|x86.ActiveCfg = Debug|Any CPU
		{85BF5734-64B3-4964-871E-426F7467DD66}.Release|Any CPU.ActiveCfg = Release|Any CPU
		{85BF5734-64B3-4964-871E-426F7467DD66}.Release|Any CPU.Build.0 = Release|Any CPU
		{85BF5734-64B3-4964-871E-426F7467DD66}.Release|Mixed Platforms.ActiveCfg = Release|Any CPU
		{85BF5734-64B3-4964-871E-426F7467DD66}.Release|Mixed Platforms.Build.0 = Release|Any CPU
		{85BF5734-64B3-4964-871E-426F7467DD66}.Release|x86.ActiveCfg = Release|Any CPU
		{CAA2B613-D18D-43D8-99F0-E7AF5D2FE4AB}.Debug|Any CPU.ActiveCfg = Debug|Any CPU
		{CAA2B613-D18D-43D8-99F0-E7AF5D2FE4AB}.Debug|Any CPU.Build.0 = Debug|Any CPU
		{CAA2B613-D18D-43D8-99F0-E7AF5D2FE4AB}.Debug|Mixed Platforms.ActiveCfg = Debug|Any CPU
		{CAA2B613-D18D-43D8-99F0-E7AF5D2FE4AB}.Debug|Mixed Platforms.Build.0 = Debug|Any CPU
		{CAA2B613-D18D-43D8-99F0-E7AF5D2FE4AB}.Debug|x86.ActiveCfg = Debug|Any CPU
		{CAA2B613-D18D-43D8-99F0-E7AF5D2FE4AB}.Release|Any CPU.ActiveCfg = Release|Any CPU
		{CAA2B613-D18D-43D8-99F0-E7AF5D2FE4AB}.Release|Any CPU.Build.0 = Release|Any CPU
		{CAA2B613-D18D-43D8-99F0-E7AF5D2FE4AB}.Release|Mixed Platforms.ActiveCfg = Release|Any CPU
		{CAA2B613-D18D-43D8-99F0-E7AF5D2FE4AB}.Release|Mixed Platforms.Build.0 = Release|Any CPU
		{CAA2B613-D18D-43D8-99F0-E7AF5D2FE4AB}.Release|x86.ActiveCfg = Release|Any CPU
		{E3585A50-EB4D-48D6-A752-DB4A3C77447A}.Debug|Any CPU.ActiveCfg = Debug|Any CPU
		{E3585A50-EB4D-48D6-A752-DB4A3C77447A}.Debug|Any CPU.Build.0 = Debug|Any CPU
		{E3585A50-EB4D-48D6-A752-DB4A3C77447A}.Debug|Mixed Platforms.ActiveCfg = Debug|Any CPU
		{E3585A50-EB4D-48D6-A752-DB4A3C77447A}.Debug|Mixed Platforms.Build.0 = Debug|Any CPU
		{E3585A50-EB4D-48D6-A752-DB4A3C77447A}.Debug|x86.ActiveCfg = Debug|Any CPU
		{E3585A50-EB4D-48D6-A752-DB4A3C77447A}.Release|Any CPU.ActiveCfg = Release|Any CPU
		{E3585A50-EB4D-48D6-A752-DB4A3C77447A}.Release|Any CPU.Build.0 = Release|Any CPU
		{E3585A50-EB4D-48D6-A752-DB4A3C77447A}.Release|Mixed Platforms.ActiveCfg = Release|Any CPU
		{E3585A50-EB4D-48D6-A752-DB4A3C77447A}.Release|Mixed Platforms.Build.0 = Release|Any CPU
		{E3585A50-EB4D-48D6-A752-DB4A3C77447A}.Release|x86.ActiveCfg = Release|Any CPU
		{1E41FFBF-3A92-4275-AB5C-CE02002392AD}.Debug|Any CPU.ActiveCfg = Debug|Any CPU
		{1E41FFBF-3A92-4275-AB5C-CE02002392AD}.Debug|Any CPU.Build.0 = Debug|Any CPU
		{1E41FFBF-3A92-4275-AB5C-CE02002392AD}.Debug|Mixed Platforms.ActiveCfg = Debug|Any CPU
		{1E41FFBF-3A92-4275-AB5C-CE02002392AD}.Debug|Mixed Platforms.Build.0 = Debug|Any CPU
		{1E41FFBF-3A92-4275-AB5C-CE02002392AD}.Debug|x86.ActiveCfg = Debug|Any CPU
		{1E41FFBF-3A92-4275-AB5C-CE02002392AD}.Release|Any CPU.ActiveCfg = Release|Any CPU
		{1E41FFBF-3A92-4275-AB5C-CE02002392AD}.Release|Any CPU.Build.0 = Release|Any CPU
		{1E41FFBF-3A92-4275-AB5C-CE02002392AD}.Release|Mixed Platforms.ActiveCfg = Release|Any CPU
		{1E41FFBF-3A92-4275-AB5C-CE02002392AD}.Release|Mixed Platforms.Build.0 = Release|Any CPU
		{1E41FFBF-3A92-4275-AB5C-CE02002392AD}.Release|x86.ActiveCfg = Release|Any CPU
		{81635061-15BE-4E96-ACB0-5B44B10DD699}.Debug|Any CPU.ActiveCfg = Debug|Any CPU
		{81635061-15BE-4E96-ACB0-5B44B10DD699}.Debug|Any CPU.Build.0 = Debug|Any CPU
		{81635061-15BE-4E96-ACB0-5B44B10DD699}.Debug|Mixed Platforms.ActiveCfg = Debug|Any CPU
		{81635061-15BE-4E96-ACB0-5B44B10DD699}.Debug|Mixed Platforms.Build.0 = Debug|Any CPU
		{81635061-15BE-4E96-ACB0-5B44B10DD699}.Debug|x86.ActiveCfg = Debug|Any CPU
		{81635061-15BE-4E96-ACB0-5B44B10DD699}.Release|Any CPU.ActiveCfg = Release|Any CPU
		{81635061-15BE-4E96-ACB0-5B44B10DD699}.Release|Any CPU.Build.0 = Release|Any CPU
		{81635061-15BE-4E96-ACB0-5B44B10DD699}.Release|Mixed Platforms.ActiveCfg = Release|Any CPU
		{81635061-15BE-4E96-ACB0-5B44B10DD699}.Release|Mixed Platforms.Build.0 = Release|Any CPU
		{81635061-15BE-4E96-ACB0-5B44B10DD699}.Release|x86.ActiveCfg = Release|Any CPU
		{E9F0EF13-BF48-4E0B-8F93-81CE5B34A240}.Debug|Any CPU.ActiveCfg = Debug|x86
		{E9F0EF13-BF48-4E0B-8F93-81CE5B34A240}.Debug|Mixed Platforms.ActiveCfg = Debug|x86
		{E9F0EF13-BF48-4E0B-8F93-81CE5B34A240}.Debug|x86.ActiveCfg = Debug|x86
		{E9F0EF13-BF48-4E0B-8F93-81CE5B34A240}.Debug|x86.Build.0 = Debug|x86
		{E9F0EF13-BF48-4E0B-8F93-81CE5B34A240}.Release|Any CPU.ActiveCfg = Release|x86
		{E9F0EF13-BF48-4E0B-8F93-81CE5B34A240}.Release|Mixed Platforms.ActiveCfg = Release|x86
		{E9F0EF13-BF48-4E0B-8F93-81CE5B34A240}.Release|Mixed Platforms.Build.0 = Release|x86
		{E9F0EF13-BF48-4E0B-8F93-81CE5B34A240}.Release|x86.ActiveCfg = Release|x86
		{E9F0EF13-BF48-4E0B-8F93-81CE5B34A240}.Release|x86.Build.0 = Release|x86
	EndGlobalSection
	GlobalSection(SolutionProperties) = preSolution
		HideSolutionNode = FALSE
	EndGlobalSection
	GlobalSection(NestedProjects) = preSolution
		{E3585A50-EB4D-48D6-A752-DB4A3C77447A} = {AB15E429-3A09-45FF-BE7E-280F283F5425}
		{81635061-15BE-4E96-ACB0-5B44B10DD699} = {AB15E429-3A09-45FF-BE7E-280F283F5425}
	EndGlobalSection
EndGlobal
